Microsoft Visual Studio Solution File, Format Version 11.00
# Visual Studio 2008

Project("{F8D5543B-EBBC-F9AA-85C8-A58A471B3A9C}") = "warham", "Assembly-CSharp.csproj", "{700E8899-660D-42A7-49F1-4D36F3647C95}"
EndProject
Global
	GlobalSection(SolutionConfigurationPlatforms) = preSolution
		Debug|Any CPU = Debug|Any CPU
		Release|Any CPU = Release|Any CPU
	EndGlobalSection
	GlobalSection(ProjectConfigurationPlatforms) = postSolution
		{700E8899-660D-42A7-49F1-4D36F3647C95}.Debug|Any CPU.ActiveCfg = Debug|Any CPU
		{700E8899-660D-42A7-49F1-4D36F3647C95}.Debug|Any CPU.Build.0 = Debug|Any CPU
		{700E8899-660D-42A7-49F1-4D36F3647C95}.Release|Any CPU.ActiveCfg = Release|Any CPU
		{700E8899-660D-42A7-49F1-4D36F3647C95}.Release|Any CPU.Build.0 = Release|Any CPU
	EndGlobalSection
	GlobalSection(SolutionProperties) = preSolution
		HideSolutionNode = FALSE
	EndGlobalSection
			GlobalSection(MonoDevelopProperties) = preSolution
		StartupItem = Assembly-CSharp.csproj
		Policies = $0
		$0.TextStylePolicy = $1
		$1.inheritsSet = null
		$1.scope = text/x-csharp
		$0.CSharpFormattingPolicy = $2
		$2.inheritsSet = Mono
		$2.inheritsScope = text/x-csharp
		$2.scope = text/x-csharp
		$0.TextStylePolicy = $3
		$3.FileWidth = 120
		$3.TabWidth = 4
		$3.IndentWidth = 4
		$3.EolMarker = Unix
		$3.inheritsSet = Mono
		$3.inheritsScope = text/plain
		$3.scope = text/plain
	EndGlobalSection

EndGlobal
